
Microsoft Visual Studio Solution File, Format Version 12.00
# Visual Studio Version 17
VisualStudioVersion = 17.7.34024.191
MinimumVisualStudioVersion = 10.0.40219.1
Project("{8BC9CEB8-8B4A-11D0-8D11-00A0C91BC942}") = "PayloadEncryptor", "PayloadEncryptor\PayloadEncryptor.vcxproj", "{042207B1-A308-4DF8-BDBC-3D1C8F91FC14}"
EndProject
Project("{8BC9CEB8-8B4A-11D0-8D11-00A0C91BC942}") = "LocalExec", "LocalExec\LocalExec.vcxproj", "{11D290BB-E3EB-4BF8-8DA1-B99F4329291B}"
EndProject
Project("{8BC9CEB8-8B4A-11D0-8D11-00A0C91BC942}") = "DLLInjection", "DLLInjection\DLLInjection.vcxproj", "{F904BD76-78CB-42D8-AE9E-FF970E8BE7BD}"
EndProject
Project("{8BC9CEB8-8B4A-11D0-8D11-00A0C91BC942}") = "EvilDLL", "EvilDLL\EvilDLL.vcxproj", "{F8CF7C69-CD49-4408-9EE6-5DD2AEC5C0B9}"
EndProject
Project("{8BC9CEB8-8B4A-11D0-8D11-00A0C91BC942}") = "ThreadHijacking", "ThreadHijacking\ThreadHijacking.vcxproj", "{CBA5C4BF-F745-4267-83E8-D7E59A358898}"
EndProject
Project("{8BC9CEB8-8B4A-11D0-8D11-00A0C91BC942}") = "CallbackExec", "CallbackExec\CallbackExec.vcxproj", "{5D9FA3D9-9E67-469D-ABD5-85FF4C555DA5}"
EndProject
Project("{8BC9CEB8-8B4A-11D0-8D11-00A0C91BC942}") = "RemoteMappingInj", "RemoteMappingInj\RemoteMappingInj.vcxproj", "{B3C3A916-8D32-49B8-A908-E2B6B5614762}"
EndProject
Project("{8BC9CEB8-8B4A-11D0-8D11-00A0C91BC942}") = "FuncStomp", "FuncStomp\FuncStomp.vcxproj", "{2CD87D2B-6D89-4366-8043-F41AF2B7144D}"
EndProject
Project("{8BC9CEB8-8B4A-11D0-8D11-00A0C91BC942}") = "IATHidding", "IATHidding\IATHidding.vcxproj", "{7113B3B3-EF1E-4AF8-8B73-261014655998}"
EndProject
Project("{8BC9CEB8-8B4A-11D0-8D11-00A0C91BC942}") = "APIHooking", "APIHooking\APIHooking.vcxproj", "{CF3C454D-6F59-4594-8E46-641F0C275AEA}"
EndProject
Project("{8BC9CEB8-8B4A-11D0-8D11-00A0C91BC942}") = "Test", "Test\Test.vcxproj", "{B5A37E23-47F9-47D8-A5A7-01DD29F1F7F5}"
EndProject
Project("{8BC9CEB8-8B4A-11D0-8D11-00A0C91BC942}") = "Syscalls", "Syscalls\Syscalls.vcxproj", "{7E142932-0F62-47B8-B85C-7790CD705355}"
EndProject
Project("{8BC9CEB8-8B4A-11D0-8D11-00A0C91BC942}") = "HGSyscalls", "HGSyscalls\HGSyscalls.vcxproj", "{8933D471-7657-4D1A-B3DB-AF5402113ADD}"
EndProject
Project("{8BC9CEB8-8B4A-11D0-8D11-00A0C91BC942}") = "AntiDebug", "AntiDebug\AntiDebug.vcxproj", "{BE00DB5D-C5BB-46AF-8688-0A9E7D60A9C8}"
EndProject
Project("{8BC9CEB8-8B4A-11D0-8D11-00A0C91BC942}") = "NTDLLUnhooking", "NTDLLUnhooking\NTDLLUnhooking.vcxproj", "{5C83A1FA-C09F-4E00-BC12-BDD508716312}"
EndProject
Project("{8BC9CEB8-8B4A-11D0-8D11-00A0C91BC942}") = "NtCreateUserProcess", "NtCreateUserProcess\NtCreateUserProcess.vcxproj", "{E11EED54-4B6A-47F0-9C5D-27EAB8EEBFCC}"
EndProject
Project("{8BC9CEB8-8B4A-11D0-8D11-00A0C91BC942}") = "ETWSessionHijacking", "ETWSessionHijacking\ETWSessionHijacking.vcxproj", "{EDE5C3BC-7A0A-4325-BC75-5C52937447C1}"
EndProject
Project("{8BC9CEB8-8B4A-11D0-8D11-00A0C91BC942}") = "ModuleStomping_PEInjection", "ModuleStomping_PEInjection\ModuleStomping_PEInjection.vcxproj", "{F9735DAE-742F-46B8-9284-930007AF9A11}"
EndProject
Project("{8BC9CEB8-8B4A-11D0-8D11-00A0C91BC942}") = "ModuleOverloading", "ModuleOverloading\ModuleOverloading.vcxproj", "{94206668-EA8F-4E34-A8EC-96E4F8E24DCB}"
EndProject
Project("{8BC9CEB8-8B4A-11D0-8D11-00A0C91BC942}") = "ProcessHollow", "ProcessHollow\ProcessHollow.vcxproj", "{1A5BF83F-2499-4B7D-8ABB-40A47617A8A5}"
EndProject
Global
	GlobalSection(SolutionConfigurationPlatforms) = preSolution
		Debug|x64 = Debug|x64
		Debug|x86 = Debug|x86
		Release|x64 = Release|x64
		Release|x86 = Release|x86
	EndGlobalSection
	GlobalSection(ProjectConfigurationPlatforms) = postSolution
		{042207B1-A308-4DF8-BDBC-3D1C8F91FC14}.Debug|x64.ActiveCfg = Debug|x64
		{042207B1-A308-4DF8-BDBC-3D1C8F91FC14}.Debug|x64.Build.0 = Debug|x64
		{042207B1-A308-4DF8-BDBC-3D1C8F91FC14}.Debug|x86.ActiveCfg = Debug|Win32
		{042207B1-A308-4DF8-BDBC-3D1C8F91FC14}.Debug|x86.Build.0 = Debug|Win32
		{042207B1-A308-4DF8-BDBC-3D1C8F91FC14}.Release|x64.ActiveCfg = Release|x64
		{042207B1-A308-4DF8-BDBC-3D1C8F91FC14}.Release|x64.Build.0 = Release|x64
		{042207B1-A308-4DF8-BDBC-3D1C8F91FC14}.Release|x86.ActiveCfg = Release|Win32
		{042207B1-A308-4DF8-BDBC-3D1C8F91FC14}.Release|x86.Build.0 = Release|Win32
		{11D290BB-E3EB-4BF8-8DA1-B99F4329291B}.Debug|x64.ActiveCfg = Debug|x64
		{11D290BB-E3EB-4BF8-8DA1-B99F4329291B}.Debug|x64.Build.0 = Debug|x64
		{11D290BB-E3EB-4BF8-8DA1-B99F4329291B}.Debug|x86.ActiveCfg = Debug|Win32
		{11D290BB-E3EB-4BF8-8DA1-B99F4329291B}.Debug|x86.Build.0 = Debug|Win32
		{11D290BB-E3EB-4BF8-8DA1-B99F4329291B}.Release|x64.ActiveCfg = Release|x64
		{11D290BB-E3EB-4BF8-8DA1-B99F4329291B}.Release|x64.Build.0 = Release|x64
		{11D290BB-E3EB-4BF8-8DA1-B99F4329291B}.Release|x86.ActiveCfg = Release|Win32
		{11D290BB-E3EB-4BF8-8DA1-B99F4329291B}.Release|x86.Build.0 = Release|Win32
		{F904BD76-78CB-42D8-AE9E-FF970E8BE7BD}.Debug|x64.ActiveCfg = Debug|x64
		{F904BD76-78CB-42D8-AE9E-FF970E8BE7BD}.Debug|x64.Build.0 = Debug|x64
		{F904BD76-78CB-42D8-AE9E-FF970E8BE7BD}.Debug|x86.ActiveCfg = Debug|Win32
		{F904BD76-78CB-42D8-AE9E-FF970E8BE7BD}.Debug|x86.Build.0 = Debug|Win32
		{F904BD76-78CB-42D8-AE9E-FF970E8BE7BD}.Release|x64.ActiveCfg = Release|x64
		{F904BD76-78CB-42D8-AE9E-FF970E8BE7BD}.Release|x64.Build.0 = Release|x64
		{F904BD76-78CB-42D8-AE9E-FF970E8BE7BD}.Release|x86.ActiveCfg = Release|Win32
		{F904BD76-78CB-42D8-AE9E-FF970E8BE7BD}.Release|x86.Build.0 = Release|Win32
		{F8CF7C69-CD49-4408-9EE6-5DD2AEC5C0B9}.Debug|x64.ActiveCfg = Debug|x64
		{F8CF7C69-CD49-4408-9EE6-5DD2AEC5C0B9}.Debug|x64.Build.0 = Debug|x64
		{F8CF7C69-CD49-4408-9EE6-5DD2AEC5C0B9}.Debug|x86.ActiveCfg = Debug|Win32
		{F8CF7C69-CD49-4408-9EE6-5DD2AEC5C0B9}.Debug|x86.Build.0 = Debug|Win32
		{F8CF7C69-CD49-4408-9EE6-5DD2AEC5C0B9}.Release|x64.ActiveCfg = Release|x64
		{F8CF7C69-CD49-4408-9EE6-5DD2AEC5C0B9}.Release|x64.Build.0 = Release|x64
		{F8CF7C69-CD49-4408-9EE6-5DD2AEC5C0B9}.Release|x86.ActiveCfg = Release|Win32
		{F8CF7C69-CD49-4408-9EE6-5DD2AEC5C0B9}.Release|x86.Build.0 = Release|Win32
		{CBA5C4BF-F745-4267-83E8-D7E59A358898}.Debug|x64.ActiveCfg = Debug|x64
		{CBA5C4BF-F745-4267-83E8-D7E59A358898}.Debug|x64.Build.0 = Debug|x64
		{CBA5C4BF-F745-4267-83E8-D7E59A358898}.Debug|x86.ActiveCfg = Debug|Win32
		{CBA5C4BF-F745-4267-83E8-D7E59A358898}.Debug|x86.Build.0 = Debug|Win32
		{CBA5C4BF-F745-4267-83E8-D7E59A358898}.Release|x64.ActiveCfg = Release|x64
		{CBA5C4BF-F745-4267-83E8-D7E59A358898}.Release|x64.Build.0 = Release|x64
		{CBA5C4BF-F745-4267-83E8-D7E59A358898}.Release|x86.ActiveCfg = Release|Win32
		{CBA5C4BF-F745-4267-83E8-D7E59A358898}.Release|x86.Build.0 = Release|Win32
		{5D9FA3D9-9E67-469D-ABD5-85FF4C555DA5}.Debug|x64.ActiveCfg = Debug|x64
		{5D9FA3D9-9E67-469D-ABD5-85FF4C555DA5}.Debug|x64.Build.0 = Debug|x64
		{5D9FA3D9-9E67-469D-ABD5-85FF4C555DA5}.Debug|x86.ActiveCfg = Debug|Win32
		{5D9FA3D9-9E67-469D-ABD5-85FF4C555DA5}.Debug|x86.Build.0 = Debug|Win32
		{5D9FA3D9-9E67-469D-ABD5-85FF4C555DA5}.Release|x64.ActiveCfg = Release|x64
		{5D9FA3D9-9E67-469D-ABD5-85FF4C555DA5}.Release|x64.Build.0 = Release|x64
		{5D9FA3D9-9E67-469D-ABD5-85FF4C555DA5}.Release|x86.ActiveCfg = Release|Win32
		{5D9FA3D9-9E67-469D-ABD5-85FF4C555DA5}.Release|x86.Build.0 = Release|Win32
		{B3C3A916-8D32-49B8-A908-E2B6B5614762}.Debug|x64.ActiveCfg = Debug|x64
		{B3C3A916-8D32-49B8-A908-E2B6B5614762}.Debug|x64.Build.0 = Debug|x64
		{B3C3A916-8D32-49B8-A908-E2B6B5614762}.Debug|x86.ActiveCfg = Debug|Win32
		{B3C3A916-8D32-49B8-A908-E2B6B5614762}.Debug|x86.Build.0 = Debug|Win32
		{B3C3A916-8D32-49B8-A908-E2B6B5614762}.Release|x64.ActiveCfg = Release|x64
		{B3C3A916-8D32-49B8-A908-E2B6B5614762}.Release|x64.Build.0 = Release|x64
		{B3C3A916-8D32-49B8-A908-E2B6B5614762}.Release|x86.ActiveCfg = Release|Win32
		{B3C3A916-8D32-49B8-A908-E2B6B5614762}.Release|x86.Build.0 = Release|Win32
		{2CD87D2B-6D89-4366-8043-F41AF2B7144D}.Debug|x64.ActiveCfg = Debug|x64
		{2CD87D2B-6D89-4366-8043-F41AF2B7144D}.Debug|x64.Build.0 = Debug|x64
		{2CD87D2B-6D89-4366-8043-F41AF2B7144D}.Debug|x86.ActiveCfg = Debug|Win32
		{2CD87D2B-6D89-4366-8043-F41AF2B7144D}.Debug|x86.Build.0 = Debug|Win32
		{2CD87D2B-6D89-4366-8043-F41AF2B7144D}.Release|x64.ActiveCfg = Release|x64
		{2CD87D2B-6D89-4366-8043-F41AF2B7144D}.Release|x64.Build.0 = Release|x64
		{2CD87D2B-6D89-4366-8043-F41AF2B7144D}.Release|x86.ActiveCfg = Release|Win32
		{2CD87D2B-6D89-4366-8043-F41AF2B7144D}.Release|x86.Build.0 = Release|Win32
		{7113B3B3-EF1E-4AF8-8B73-261014655998}.Debug|x64.ActiveCfg = Debug|x64
		{7113B3B3-EF1E-4AF8-8B73-261014655998}.Debug|x64.Build.0 = Debug|x64
		{7113B3B3-EF1E-4AF8-8B73-261014655998}.Debug|x86.ActiveCfg = Debug|Win32
		{7113B3B3-EF1E-4AF8-8B73-261014655998}.Debug|x86.Build.0 = Debug|Win32
		{7113B3B3-EF1E-4AF8-8B73-261014655998}.Release|x64.ActiveCfg = Release|x64
		{7113B3B3-EF1E-4AF8-8B73-261014655998}.Release|x64.Build.0 = Release|x64
		{7113B3B3-EF1E-4AF8-8B73-261014655998}.Release|x86.ActiveCfg = Release|Win32
		{7113B3B3-EF1E-4AF8-8B73-261014655998}.Release|x86.Build.0 = Release|Win32
		{CF3C454D-6F59-4594-8E46-641F0C275AEA}.Debug|x64.ActiveCfg = Debug|x64
		{CF3C454D-6F59-4594-8E46-641F0C275AEA}.Debug|x64.Build.0 = Debug|x64
		{CF3C454D-6F59-4594-8E46-641F0C275AEA}.Debug|x86.ActiveCfg = Debug|Win32
		{CF3C454D-6F59-4594-8E46-641F0C275AEA}.Debug|x86.Build.0 = Debug|Win32
		{CF3C454D-6F59-4594-8E46-641F0C275AEA}.Release|x64.ActiveCfg = Release|x64
		{CF3C454D-6F59-4594-8E46-641F0C275AEA}.Release|x64.Build.0 = Release|x64
		{CF3C454D-6F59-4594-8E46-641F0C275AEA}.Release|x86.ActiveCfg = Release|Win32
		{CF3C454D-6F59-4594-8E46-641F0C275AEA}.Release|x86.Build.0 = Release|Win32
		{B5A37E23-47F9-47D8-A5A7-01DD29F1F7F5}.Debug|x64.ActiveCfg = Debug|x64
		{B5A37E23-47F9-47D8-A5A7-01DD29F1F7F5}.Debug|x64.Build.0 = Debug|x64
		{B5A37E23-47F9-47D8-A5A7-01DD29F1F7F5}.Debug|x86.ActiveCfg = Debug|Win32
		{B5A37E23-47F9-47D8-A5A7-01DD29F1F7F5}.Debug|x86.Build.0 = Debug|Win32
		{B5A37E23-47F9-47D8-A5A7-01DD29F1F7F5}.Release|x64.ActiveCfg = Release|x64
		{B5A37E23-47F9-47D8-A5A7-01DD29F1F7F5}.Release|x64.Build.0 = Release|x64
		{B5A37E23-47F9-47D8-A5A7-01DD29F1F7F5}.Release|x86.ActiveCfg = Release|Win32
		{B5A37E23-47F9-47D8-A5A7-01DD29F1F7F5}.Release|x86.Build.0 = Release|Win32
		{7E142932-0F62-47B8-B85C-7790CD705355}.Debug|x64.ActiveCfg = Debug|x64
		{7E142932-0F62-47B8-B85C-7790CD705355}.Debug|x64.Build.0 = Debug|x64
		{7E142932-0F62-47B8-B85C-7790CD705355}.Debug|x86.ActiveCfg = Debug|Win32
		{7E142932-0F62-47B8-B85C-7790CD705355}.Debug|x86.Build.0 = Debug|Win32
		{7E142932-0F62-47B8-B85C-7790CD705355}.Release|x64.ActiveCfg = Release|x64
		{7E142932-0F62-47B8-B85C-7790CD705355}.Release|x64.Build.0 = Release|x64
		{7E142932-0F62-47B8-B85C-7790CD705355}.Release|x86.ActiveCfg = Release|Win32
		{7E142932-0F62-47B8-B85C-7790CD705355}.Release|x86.Build.0 = Release|Win32
		{8933D471-7657-4D1A-B3DB-AF5402113ADD}.Debug|x64.ActiveCfg = Debug|x64
		{8933D471-7657-4D1A-B3DB-AF5402113ADD}.Debug|x64.Build.0 = Debug|x64
		{8933D471-7657-4D1A-B3DB-AF5402113ADD}.Debug|x86.ActiveCfg = Debug|Win32
		{8933D471-7657-4D1A-B3DB-AF5402113ADD}.Debug|x86.Build.0 = Debug|Win32
		{8933D471-7657-4D1A-B3DB-AF5402113ADD}.Release|x64.ActiveCfg = Release|x64
		{8933D471-7657-4D1A-B3DB-AF5402113ADD}.Release|x64.Build.0 = Release|x64
		{8933D471-7657-4D1A-B3DB-AF5402113ADD}.Release|x86.ActiveCfg = Release|Win32
		{8933D471-7657-4D1A-B3DB-AF5402113ADD}.Release|x86.Build.0 = Release|Win32
		{BE00DB5D-C5BB-46AF-8688-0A9E7D60A9C8}.Debug|x64.ActiveCfg = Debug|x64
		{BE00DB5D-C5BB-46AF-8688-0A9E7D60A9C8}.Debug|x64.Build.0 = Debug|x64
		{BE00DB5D-C5BB-46AF-8688-0A9E7D60A9C8}.Debug|x86.ActiveCfg = Debug|Win32
		{BE00DB5D-C5BB-46AF-8688-0A9E7D60A9C8}.Debug|x86.Build.0 = Debug|Win32
		{BE00DB5D-C5BB-46AF-8688-0A9E7D60A9C8}.Release|x64.ActiveCfg = Release|x64
		{BE00DB5D-C5BB-46AF-8688-0A9E7D60A9C8}.Release|x64.Build.0 = Release|x64
		{BE00DB5D-C5BB-46AF-8688-0A9E7D60A9C8}.Release|x86.ActiveCfg = Release|Win32
		{BE00DB5D-C5BB-46AF-8688-0A9E7D60A9C8}.Release|x86.Build.0 = Release|Win32
		{5C83A1FA-C09F-4E00-BC12-BDD508716312}.Debug|x64.ActiveCfg = Debug|x64
		{5C83A1FA-C09F-4E00-BC12-BDD508716312}.Debug|x64.Build.0 = Debug|x64
		{5C83A1FA-C09F-4E00-BC12-BDD508716312}.Debug|x86.ActiveCfg = Debug|Win32
		{5C83A1FA-C09F-4E00-BC12-BDD508716312}.Debug|x86.Build.0 = Debug|Win32
		{5C83A1FA-C09F-4E00-BC12-BDD508716312}.Release|x64.ActiveCfg = Release|x64
		{5C83A1FA-C09F-4E00-BC12-BDD508716312}.Release|x64.Build.0 = Release|x64
		{5C83A1FA-C09F-4E00-BC12-BDD508716312}.Release|x86.ActiveCfg = Release|Win32
		{5C83A1FA-C09F-4E00-BC12-BDD508716312}.Release|x86.Build.0 = Release|Win32
		{E11EED54-4B6A-47F0-9C5D-27EAB8EEBFCC}.Debug|x64.ActiveCfg = Debug|x64
		{E11EED54-4B6A-47F0-9C5D-27EAB8EEBFCC}.Debug|x64.Build.0 = Debug|x64
		{E11EED54-4B6A-47F0-9C5D-27EAB8EEBFCC}.Debug|x86.ActiveCfg = Debug|Win32
		{E11EED54-4B6A-47F0-9C5D-27EAB8EEBFCC}.Debug|x86.Build.0 = Debug|Win32
		{E11EED54-4B6A-47F0-9C5D-27EAB8EEBFCC}.Release|x64.ActiveCfg = Release|x64
		{E11EED54-4B6A-47F0-9C5D-27EAB8EEBFCC}.Release|x64.Build.0 = Release|x64
		{E11EED54-4B6A-47F0-9C5D-27EAB8EEBFCC}.Release|x86.ActiveCfg = Release|Win32
		{E11EED54-4B6A-47F0-9C5D-27EAB8EEBFCC}.Release|x86.Build.0 = Release|Win32
		{EDE5C3BC-7A0A-4325-BC75-5C52937447C1}.Debug|x64.ActiveCfg = Debug|x64
		{EDE5C3BC-7A0A-4325-BC75-5C52937447C1}.Debug|x64.Build.0 = Debug|x64
		{EDE5C3BC-7A0A-4325-BC75-5C52937447C1}.Debug|x86.ActiveCfg = Debug|Win32
		{EDE5C3BC-7A0A-4325-BC75-5C52937447C1}.Debug|x86.Build.0 = Debug|Win32
		{EDE5C3BC-7A0A-4325-BC75-5C52937447C1}.Release|x64.ActiveCfg = Release|x64
		{EDE5C3BC-7A0A-4325-BC75-5C52937447C1}.Release|x64.Build.0 = Release|x64
		{EDE5C3BC-7A0A-4325-BC75-5C52937447C1}.Release|x86.ActiveCfg = Release|Win32
		{EDE5C3BC-7A0A-4325-BC75-5C52937447C1}.Release|x86.Build.0 = Release|Win32
		{F9735DAE-742F-46B8-9284-930007AF9A11}.Debug|x64.ActiveCfg = Debug|x64
		{F9735DAE-742F-46B8-9284-930007AF9A11}.Debug|x64.Build.0 = Debug|x64
		{F9735DAE-742F-46B8-9284-930007AF9A11}.Debug|x86.ActiveCfg = Debug|Win32
		{F9735DAE-742F-46B8-9284-930007AF9A11}.Debug|x86.Build.0 = Debug|Win32
		{F9735DAE-742F-46B8-9284-930007AF9A11}.Release|x64.ActiveCfg = Release|x64
		{F9735DAE-742F-46B8-9284-930007AF9A11}.Release|x64.Build.0 = Release|x64
		{F9735DAE-742F-46B8-9284-930007AF9A11}.Release|x86.ActiveCfg = Release|Win32
		{F9735DAE-742F-46B8-9284-930007AF9A11}.Release|x86.Build.0 = Release|Win32
		{94206668-EA8F-4E34-A8EC-96E4F8E24DCB}.Debug|x64.ActiveCfg = Debug|x64
		{94206668-EA8F-4E34-A8EC-96E4F8E24DCB}.Debug|x64.Build.0 = Debug|x64
		{94206668-EA8F-4E34-A8EC-96E4F8E24DCB}.Debug|x86.ActiveCfg = Debug|Win32
		{94206668-EA8F-4E34-A8EC-96E4F8E24DCB}.Debug|x86.Build.0 = Debug|Win32
		{94206668-EA8F-4E34-A8EC-96E4F8E24DCB}.Release|x64.ActiveCfg = Release|x64
		{94206668-EA8F-4E34-A8EC-96E4F8E24DCB}.Release|x64.Build.0 = Release|x64
		{94206668-EA8F-4E34-A8EC-96E4F8E24DCB}.Release|x86.ActiveCfg = Release|Win32
		{94206668-EA8F-4E34-A8EC-96E4F8E24DCB}.Release|x86.Build.0 = Release|Win32
		{1A5BF83F-2499-4B7D-8ABB-40A47617A8A5}.Debug|x64.ActiveCfg = Debug|x64
		{1A5BF83F-2499-4B7D-8ABB-40A47617A8A5}.Debug|x64.Build.0 = Debug|x64
		{1A5BF83F-2499-4B7D-8ABB-40A47617A8A5}.Debug|x86.ActiveCfg = Debug|Win32
		{1A5BF83F-2499-4B7D-8ABB-40A47617A8A5}.Debug|x86.Build.0 = Debug|Win32
		{1A5BF83F-2499-4B7D-8ABB-40A47617A8A5}.Release|x64.ActiveCfg = Release|x64
		{1A5BF83F-2499-4B7D-8ABB-40A47617A8A5}.Release|x64.Build.0 = Release|x64
		{1A5BF83F-2499-4B7D-8ABB-40A47617A8A5}.Release|x86.ActiveCfg = Release|Win32
		{1A5BF83F-2499-4B7D-8ABB-40A47617A8A5}.Release|x86.Build.0 = Release|Win32
	EndGlobalSection
	GlobalSection(SolutionProperties) = preSolution
		HideSolutionNode = FALSE
	EndGlobalSection
	GlobalSection(ExtensibilityGlobals) = postSolution
		SolutionGuid = {B60DE6FD-1AB6-448E-943D-E3C9AB2C9E56}
	EndGlobalSection
EndGlobal
